{
    "name": "音频播放器",
    "version": "2.0.2",
    "lockfileVersion": 2,
    "requires": true,
    "packages": {
        "": {
            "name": "音频播放器",
            "version": "2.0.2",
            "dependencies": {
                "fish-request": "^0.1.4",
                "uni-request": "^1.0.2"
            }
        },
        "node_modules/fish-request": {
            "version": "0.1.4",
            "resolved": "http://mirrors.cloud.tencent.com/npm/fish-request/-/fish-request-0.1.4.tgz",
            "integrity": "sha512-p3o4wD5MHX6xDNw4njQ8MHkHS91sJfL1i3R5NGSSLJRLj/Z1h2H5rfI+tk+6jCxcLPZzf9fvwFxc1UQAzyMaPw==",
            "license": "MIT"
        },
        "node_modules/uni-request": {
            "version": "1.0.2",
            "resolved": "http://mirrors.cloud.tencent.com/npm/uni-request/-/uni-request-1.0.2.tgz",
            "integrity": "sha512-NeenvswBYHMS2HoxedKapz5JEJYt31VAc3YTSdVvjGz/8T3LpZxRL21fQygj5fzLTALDZaDlv5pD168lJhlOww==",
            "license": "ISC"
        }
    },
    "dependencies": {
        "fish-request": {
            "version": "0.1.4",
            "resolved": "http://mirrors.cloud.tencent.com/npm/fish-request/-/fish-request-0.1.4.tgz",
            "integrity": "sha512-p3o4wD5MHX6xDNw4njQ8MHkHS91sJfL1i3R5NGSSLJRLj/Z1h2H5rfI+tk+6jCxcLPZzf9fvwFxc1UQAzyMaPw=="
        },
        "uni-request": {
            "version": "1.0.2",
            "resolved": "http://mirrors.cloud.tencent.com/npm/uni-request/-/uni-request-1.0.2.tgz",
            "integrity": "sha512-NeenvswBYHMS2HoxedKapz5JEJYt31VAc3YTSdVvjGz/8T3LpZxRL21fQygj5fzLTALDZaDlv5pD168lJhlOww=="
        }
    }
}
